
Microsoft Visual Studio Solution File, Format Version 12.00
# Visual Studio Version 17
VisualStudioVersion = 17.0.32112.339
MinimumVisualStudioVersion = 10.0.40219.1
Project("{FAE04EC0-301F-11D3-BF4B-00C04F79EFBC}") = "Leonov_PR12.Android", "Leonov_PR12\Leonov_PR12.Android\Leonov_PR12.Android.csproj", "{548B76C5-86A8-4134-A285-4BCF0EE27E58}"
EndProject
Project("{FAE04EC0-301F-11D3-BF4B-00C04F79EFBC}") = "Leonov_PR12.iOS", "Leonov_PR12\Leonov_PR12.iOS\Leonov_PR12.iOS.csproj", "{100E038A-9674-4473-B2DA-44D9FD542213}"
EndProject
Project("{FAE04EC0-301F-11D3-BF4B-00C04F79EFBC}") = "Leonov_PR12", "Leonov_PR12\Leonov_PR12\Leonov_PR12.csproj", "{F36DA48D-D5A6-4476-A8E7-A44B9383536A}"
EndProject
Global
	GlobalSection(SolutionConfigurationPlatforms) = preSolution
		Debug|Any CPU = Debug|Any CPU
		Debug|iPhone = Debug|iPhone
		Debug|iPhoneSimulator = Debug|iPhoneSimulator
		Release|Any CPU = Release|Any CPU
		Release|iPhone = Release|iPhone
		Release|iPhoneSimulator = Release|iPhoneSimulator
	EndGlobalSection
	GlobalSection(ProjectConfigurationPlatforms) = postSolution
		{548B76C5-86A8-4134-A285-4BCF0EE27E58}.Debug|Any CPU.ActiveCfg = Debug|Any CPU
		{548B76C5-86A8-4134-A285-4BCF0EE27E58}.Debug|Any CPU.Build.0 = Debug|Any CPU
		{548B76C5-86A8-4134-A285-4BCF0EE27E58}.Debug|Any CPU.Deploy.0 = Debug|Any CPU
		{548B76C5-86A8-4134-A285-4BCF0EE27E58}.Debug|iPhone.ActiveCfg = Debug|Any CPU
		{548B76C5-86A8-4134-A285-4BCF0EE27E58}.Debug|iPhone.Build.0 = Debug|Any CPU
		{548B76C5-86A8-4134-A285-4BCF0EE27E58}.Debug|iPhone.Deploy.0 = Debug|Any CPU
		{548B76C5-86A8-4134-A285-4BCF0EE27E58}.Debug|iPhoneSimulator.ActiveCfg = Debug|Any CPU
		{548B76C5-86A8-4134-A285-4BCF0EE27E58}.Debug|iPhoneSimulator.Build.0 = Debug|Any CPU
		{548B76C5-86A8-4134-A285-4BCF0EE27E58}.Debug|iPhoneSimulator.Deploy.0 = Debug|Any CPU
		{548B76C5-86A8-4134-A285-4BCF0EE27E58}.Release|Any CPU.ActiveCfg = Release|Any CPU
		{548B76C5-86A8-4134-A285-4BCF0EE27E58}.Release|Any CPU.Build.0 = Release|Any CPU
		{548B76C5-86A8-4134-A285-4BCF0EE27E58}.Release|Any CPU.Deploy.0 = Release|Any CPU
		{548B76C5-86A8-4134-A285-4BCF0EE27E58}.Release|iPhone.ActiveCfg = Release|Any CPU
		{548B76C5-86A8-4134-A285-4BCF0EE27E58}.Release|iPhone.Build.0 = Release|Any CPU
		{548B76C5-86A8-4134-A285-4BCF0EE27E58}.Release|iPhone.Deploy.0 = Release|Any CPU
		{548B76C5-86A8-4134-A285-4BCF0EE27E58}.Release|iPhoneSimulator.ActiveCfg = Release|Any CPU
		{548B76C5-86A8-4134-A285-4BCF0EE27E58}.Release|iPhoneSimulator.Build.0 = Release|Any CPU
		{548B76C5-86A8-4134-A285-4BCF0EE27E58}.Release|iPhoneSimulator.Deploy.0 = Release|Any CPU
		{100E038A-9674-4473-B2DA-44D9FD542213}.Debug|Any CPU.ActiveCfg = Debug|iPhone
		{100E038A-9674-4473-B2DA-44D9FD542213}.Debug|Any CPU.Build.0 = Debug|iPhone
		{100E038A-9674-4473-B2DA-44D9FD542213}.Debug|Any CPU.Deploy.0 = Debug|iPhone
		{100E038A-9674-4473-B2DA-44D9FD542213}.Debug|iPhone.ActiveCfg = Debug|iPhone
		{100E038A-9674-4473-B2DA-44D9FD542213}.Debug|iPhone.Build.0 = Debug|iPhone
		{100E038A-9674-4473-B2DA-44D9FD542213}.Debug|iPhone.Deploy.0 = Debug|iPhone
		{100E038A-9674-4473-B2DA-44D9FD542213}.Debug|iPhoneSimulator.ActiveCfg = Debug|iPhoneSimulator
		{100E038A-9674-4473-B2DA-44D9FD542213}.Debug|iPhoneSimulator.Build.0 = Debug|iPhoneSimulator
		{100E038A-9674-4473-B2DA-44D9FD542213}.Debug|iPhoneSimulator.Deploy.0 = Debug|iPhoneSimulator
		{100E038A-9674-4473-B2DA-44D9FD542213}.Release|Any CPU.ActiveCfg = Release|iPhoneSimulator
		{100E038A-9674-4473-B2DA-44D9FD542213}.Release|Any CPU.Build.0 = Release|iPhoneSimulator
		{100E038A-9674-4473-B2DA-44D9FD542213}.Release|Any CPU.Deploy.0 = Release|iPhoneSimulator
		{100E038A-9674-4473-B2DA-44D9FD542213}.Release|iPhone.ActiveCfg = Release|iPhone
		{100E038A-9674-4473-B2DA-44D9FD542213}.Release|iPhone.Build.0 = Release|iPhone
		{100E038A-9674-4473-B2DA-44D9FD542213}.Release|iPhone.Deploy.0 = Release|iPhone
		{100E038A-9674-4473-B2DA-44D9FD542213}.Release|iPhoneSimulator.ActiveCfg = Release|iPhoneSimulator
		{100E038A-9674-4473-B2DA-44D9FD542213}.Release|iPhoneSimulator.Build.0 = Release|iPhoneSimulator
		{100E038A-9674-4473-B2DA-44D9FD542213}.Release|iPhoneSimulator.Deploy.0 = Release|iPhoneSimulator
		{F36DA48D-D5A6-4476-A8E7-A44B9383536A}.Debug|Any CPU.ActiveCfg = Debug|Any CPU
		{F36DA48D-D5A6-4476-A8E7-A44B9383536A}.Debug|Any CPU.Build.0 = Debug|Any CPU
		{F36DA48D-D5A6-4476-A8E7-A44B9383536A}.Debug|Any CPU.Deploy.0 = Debug|Any CPU
		{F36DA48D-D5A6-4476-A8E7-A44B9383536A}.Debug|iPhone.ActiveCfg = Debug|Any CPU
		{F36DA48D-D5A6-4476-A8E7-A44B9383536A}.Debug|iPhone.Build.0 = Debug|Any CPU
		{F36DA48D-D5A6-4476-A8E7-A44B9383536A}.Debug|iPhone.Deploy.0 = Debug|Any CPU
		{F36DA48D-D5A6-4476-A8E7-A44B9383536A}.Debug|iPhoneSimulator.ActiveCfg = Debug|Any CPU
		{F36DA48D-D5A6-4476-A8E7-A44B9383536A}.Debug|iPhoneSimulator.Build.0 = Debug|Any CPU
		{F36DA48D-D5A6-4476-A8E7-A44B9383536A}.Debug|iPhoneSimulator.Deploy.0 = Debug|Any CPU
		{F36DA48D-D5A6-4476-A8E7-A44B9383536A}.Release|Any CPU.ActiveCfg = Release|Any CPU
		{F36DA48D-D5A6-4476-A8E7-A44B9383536A}.Release|Any CPU.Build.0 = Release|Any CPU
		{F36DA48D-D5A6-4476-A8E7-A44B9383536A}.Release|Any CPU.Deploy.0 = Release|Any CPU
		{F36DA48D-D5A6-4476-A8E7-A44B9383536A}.Release|iPhone.ActiveCfg = Release|Any CPU
		{F36DA48D-D5A6-4476-A8E7-A44B9383536A}.Release|iPhone.Build.0 = Release|Any CPU
		{F36DA48D-D5A6-4476-A8E7-A44B9383536A}.Release|iPhone.Deploy.0 = Release|Any CPU
		{F36DA48D-D5A6-4476-A8E7-A44B9383536A}.Release|iPhoneSimulator.ActiveCfg = Release|Any CPU
		{F36DA48D-D5A6-4476-A8E7-A44B9383536A}.Release|iPhoneSimulator.Build.0 = Release|Any CPU
		{F36DA48D-D5A6-4476-A8E7-A44B9383536A}.Release|iPhoneSimulator.Deploy.0 = Release|Any CPU
	EndGlobalSection
	GlobalSection(SolutionProperties) = preSolution
		HideSolutionNode = FALSE
	EndGlobalSection
	GlobalSection(ExtensibilityGlobals) = postSolution
		SolutionGuid = {EC0EB8F9-91E5-4059-A90E-81CD72844BA0}
	EndGlobalSection
EndGlobal
